
Microsoft Visual Studio Solution File, Format Version 12.00
# Visual Studio Version 17
VisualStudioVersion = 17.7.34031.279
MinimumVisualStudioVersion = 10.0.40219.1
Project("{FAE04EC0-301F-11D3-BF4B-00C04F79EFBC}") = "RecordingCamera", "PlaceableCamera\RecordingCamera.csproj", "{724CA177-5689-489E-B68D-D27A9A3E07B5}"
EndProject
Global
	GlobalSection(SolutionConfigurationPlatforms) = preSolution
		Debug|Any CPU = Debug|Any CPU
		Release|Any CPU = Release|Any CPU
	EndGlobalSection
	GlobalSection(ProjectConfigurationPlatforms) = postSolution
		{724CA177-5689-489E-B68D-D27A9A3E07B5}.Debug|Any CPU.ActiveCfg = Debug|Any CPU
		{724CA177-5689-489E-B68D-D27A9A3E07B5}.Debug|Any CPU.Build.0 = Debug|Any CPU
		{724CA177-5689-489E-B68D-D27A9A3E07B5}.Release|Any CPU.ActiveCfg = Release|Any CPU
		{724CA177-5689-489E-B68D-D27A9A3E07B5}.Release|Any CPU.Build.0 = Release|Any CPU
	EndGlobalSection
	GlobalSection(SolutionProperties) = preSolution
		HideSolutionNode = FALSE
	EndGlobalSection
	GlobalSection(ExtensibilityGlobals) = postSolution
		SolutionGuid = {AE4E4FA8-555B-443E-BCF1-EDF4CF779CDF}
	EndGlobalSection
EndGlobal
